
Microsoft Visual Studio Solution File, Format Version 12.00
# Visual Studio 15
VisualStudioVersion = 15.0.26403.7
MinimumVisualStudioVersion = 10.0.40219.1
Project("{FAE04EC0-301F-11D3-BF4B-00C04F79EFBC}") = "Mercury", "Mercury\Mercury.csproj", "{68BD828F-8D39-4780-8928-FBDA78D4DAE0}"
EndProject
Project("{FAE04EC0-301F-11D3-BF4B-00C04F79EFBC}") = "Mercury.Tests", "Mercury.Tests\Mercury.Tests.csproj", "{1AB61F6C-7E3F-444C-A854-F22D7BEC570F}"
EndProject
Project("{FAE04EC0-301F-11D3-BF4B-00C04F79EFBC}") = "StreamServices", "StreamServices\StreamServices.csproj", "{C7E7A06C-0AD4-40CD-82C2-D6397DB508A6}"
EndProject
Project("{FAE04EC0-301F-11D3-BF4B-00C04F79EFBC}") = "StreamServicesTests", "StreamServicesTests\StreamServicesTests.csproj", "{EE98545E-E9AD-4167-BAB2-EB182230E775}"
EndProject
Project("{FAE04EC0-301F-11D3-BF4B-00C04F79EFBC}") = "Aphrodite", "Aphrodite\Aphrodite.csproj", "{DCCFEC06-9F55-411D-A3A6-28CB3DA782B6}"
EndProject
Global
	GlobalSection(SolutionConfigurationPlatforms) = preSolution
		Debug|Any CPU = Debug|Any CPU
		Debug|ARM = Debug|ARM
		Debug|x64 = Debug|x64
		Debug|x86 = Debug|x86
		Release|Any CPU = Release|Any CPU
		Release|ARM = Release|ARM
		Release|x64 = Release|x64
		Release|x86 = Release|x86
	EndGlobalSection
	GlobalSection(ProjectConfigurationPlatforms) = postSolution
		{68BD828F-8D39-4780-8928-FBDA78D4DAE0}.Debug|Any CPU.ActiveCfg = Debug|Any CPU
		{68BD828F-8D39-4780-8928-FBDA78D4DAE0}.Debug|Any CPU.Build.0 = Debug|Any CPU
		{68BD828F-8D39-4780-8928-FBDA78D4DAE0}.Debug|ARM.ActiveCfg = Debug|Any CPU
		{68BD828F-8D39-4780-8928-FBDA78D4DAE0}.Debug|ARM.Build.0 = Debug|Any CPU
		{68BD828F-8D39-4780-8928-FBDA78D4DAE0}.Debug|x64.ActiveCfg = Debug|Any CPU
		{68BD828F-8D39-4780-8928-FBDA78D4DAE0}.Debug|x64.Build.0 = Debug|Any CPU
		{68BD828F-8D39-4780-8928-FBDA78D4DAE0}.Debug|x86.ActiveCfg = Debug|Any CPU
		{68BD828F-8D39-4780-8928-FBDA78D4DAE0}.Debug|x86.Build.0 = Debug|Any CPU
		{68BD828F-8D39-4780-8928-FBDA78D4DAE0}.Release|Any CPU.ActiveCfg = Release|Any CPU
		{68BD828F-8D39-4780-8928-FBDA78D4DAE0}.Release|Any CPU.Build.0 = Release|Any CPU
		{68BD828F-8D39-4780-8928-FBDA78D4DAE0}.Release|ARM.ActiveCfg = Release|Any CPU
		{68BD828F-8D39-4780-8928-FBDA78D4DAE0}.Release|ARM.Build.0 = Release|Any CPU
		{68BD828F-8D39-4780-8928-FBDA78D4DAE0}.Release|x64.ActiveCfg = Release|Any CPU
		{68BD828F-8D39-4780-8928-FBDA78D4DAE0}.Release|x64.Build.0 = Release|Any CPU
		{68BD828F-8D39-4780-8928-FBDA78D4DAE0}.Release|x86.ActiveCfg = Release|Any CPU
		{68BD828F-8D39-4780-8928-FBDA78D4DAE0}.Release|x86.Build.0 = Release|Any CPU
		{1AB61F6C-7E3F-444C-A854-F22D7BEC570F}.Debug|Any CPU.ActiveCfg = Debug|Any CPU
		{1AB61F6C-7E3F-444C-A854-F22D7BEC570F}.Debug|Any CPU.Build.0 = Debug|Any CPU
		{1AB61F6C-7E3F-444C-A854-F22D7BEC570F}.Debug|ARM.ActiveCfg = Debug|Any CPU
		{1AB61F6C-7E3F-444C-A854-F22D7BEC570F}.Debug|ARM.Build.0 = Debug|Any CPU
		{1AB61F6C-7E3F-444C-A854-F22D7BEC570F}.Debug|x64.ActiveCfg = Debug|Any CPU
		{1AB61F6C-7E3F-444C-A854-F22D7BEC570F}.Debug|x64.Build.0 = Debug|Any CPU
		{1AB61F6C-7E3F-444C-A854-F22D7BEC570F}.Debug|x86.ActiveCfg = Debug|Any CPU
		{1AB61F6C-7E3F-444C-A854-F22D7BEC570F}.Debug|x86.Build.0 = Debug|Any CPU
		{1AB61F6C-7E3F-444C-A854-F22D7BEC570F}.Release|Any CPU.ActiveCfg = Release|Any CPU
		{1AB61F6C-7E3F-444C-A854-F22D7BEC570F}.Release|Any CPU.Build.0 = Release|Any CPU
		{1AB61F6C-7E3F-444C-A854-F22D7BEC570F}.Release|ARM.ActiveCfg = Release|Any CPU
		{1AB61F6C-7E3F-444C-A854-F22D7BEC570F}.Release|ARM.Build.0 = Release|Any CPU
		{1AB61F6C-7E3F-444C-A854-F22D7BEC570F}.Release|x64.ActiveCfg = Release|Any CPU
		{1AB61F6C-7E3F-444C-A854-F22D7BEC570F}.Release|x64.Build.0 = Release|Any CPU
		{1AB61F6C-7E3F-444C-A854-F22D7BEC570F}.Release|x86.ActiveCfg = Release|Any CPU
		{1AB61F6C-7E3F-444C-A854-F22D7BEC570F}.Release|x86.Build.0 = Release|Any CPU
		{C7E7A06C-0AD4-40CD-82C2-D6397DB508A6}.Debug|Any CPU.ActiveCfg = Debug|Any CPU
		{C7E7A06C-0AD4-40CD-82C2-D6397DB508A6}.Debug|Any CPU.Build.0 = Debug|Any CPU
		{C7E7A06C-0AD4-40CD-82C2-D6397DB508A6}.Debug|ARM.ActiveCfg = Debug|Any CPU
		{C7E7A06C-0AD4-40CD-82C2-D6397DB508A6}.Debug|ARM.Build.0 = Debug|Any CPU
		{C7E7A06C-0AD4-40CD-82C2-D6397DB508A6}.Debug|x64.ActiveCfg = Debug|Any CPU
		{C7E7A06C-0AD4-40CD-82C2-D6397DB508A6}.Debug|x64.Build.0 = Debug|Any CPU
		{C7E7A06C-0AD4-40CD-82C2-D6397DB508A6}.Debug|x86.ActiveCfg = Debug|Any CPU
		{C7E7A06C-0AD4-40CD-82C2-D6397DB508A6}.Debug|x86.Build.0 = Debug|Any CPU
		{C7E7A06C-0AD4-40CD-82C2-D6397DB508A6}.Release|Any CPU.ActiveCfg = Release|Any CPU
		{C7E7A06C-0AD4-40CD-82C2-D6397DB508A6}.Release|Any CPU.Build.0 = Release|Any CPU
		{C7E7A06C-0AD4-40CD-82C2-D6397DB508A6}.Release|ARM.ActiveCfg = Release|Any CPU
		{C7E7A06C-0AD4-40CD-82C2-D6397DB508A6}.Release|ARM.Build.0 = Release|Any CPU
		{C7E7A06C-0AD4-40CD-82C2-D6397DB508A6}.Release|x64.ActiveCfg = Release|Any CPU
		{C7E7A06C-0AD4-40CD-82C2-D6397DB508A6}.Release|x64.Build.0 = Release|Any CPU
		{C7E7A06C-0AD4-40CD-82C2-D6397DB508A6}.Release|x86.ActiveCfg = Release|Any CPU
		{C7E7A06C-0AD4-40CD-82C2-D6397DB508A6}.Release|x86.Build.0 = Release|Any CPU
		{EE98545E-E9AD-4167-BAB2-EB182230E775}.Debug|Any CPU.ActiveCfg = Debug|Any CPU
		{EE98545E-E9AD-4167-BAB2-EB182230E775}.Debug|Any CPU.Build.0 = Debug|Any CPU
		{EE98545E-E9AD-4167-BAB2-EB182230E775}.Debug|ARM.ActiveCfg = Debug|Any CPU
		{EE98545E-E9AD-4167-BAB2-EB182230E775}.Debug|ARM.Build.0 = Debug|Any CPU
		{EE98545E-E9AD-4167-BAB2-EB182230E775}.Debug|x64.ActiveCfg = Debug|Any CPU
		{EE98545E-E9AD-4167-BAB2-EB182230E775}.Debug|x64.Build.0 = Debug|Any CPU
		{EE98545E-E9AD-4167-BAB2-EB182230E775}.Debug|x86.ActiveCfg = Debug|Any CPU
		{EE98545E-E9AD-4167-BAB2-EB182230E775}.Debug|x86.Build.0 = Debug|Any CPU
		{EE98545E-E9AD-4167-BAB2-EB182230E775}.Release|Any CPU.ActiveCfg = Release|Any CPU
		{EE98545E-E9AD-4167-BAB2-EB182230E775}.Release|Any CPU.Build.0 = Release|Any CPU
		{EE98545E-E9AD-4167-BAB2-EB182230E775}.Release|ARM.ActiveCfg = Release|Any CPU
		{EE98545E-E9AD-4167-BAB2-EB182230E775}.Release|ARM.Build.0 = Release|Any CPU
		{EE98545E-E9AD-4167-BAB2-EB182230E775}.Release|x64.ActiveCfg = Release|Any CPU
		{EE98545E-E9AD-4167-BAB2-EB182230E775}.Release|x64.Build.0 = Release|Any CPU
		{EE98545E-E9AD-4167-BAB2-EB182230E775}.Release|x86.ActiveCfg = Release|Any CPU
		{EE98545E-E9AD-4167-BAB2-EB182230E775}.Release|x86.Build.0 = Release|Any CPU
		{DCCFEC06-9F55-411D-A3A6-28CB3DA782B6}.Debug|Any CPU.ActiveCfg = Debug|Any CPU
		{DCCFEC06-9F55-411D-A3A6-28CB3DA782B6}.Debug|Any CPU.Build.0 = Debug|Any CPU
		{DCCFEC06-9F55-411D-A3A6-28CB3DA782B6}.Debug|ARM.ActiveCfg = Debug|Any CPU
		{DCCFEC06-9F55-411D-A3A6-28CB3DA782B6}.Debug|ARM.Build.0 = Debug|Any CPU
		{DCCFEC06-9F55-411D-A3A6-28CB3DA782B6}.Debug|x64.ActiveCfg = Debug|Any CPU
		{DCCFEC06-9F55-411D-A3A6-28CB3DA782B6}.Debug|x64.Build.0 = Debug|Any CPU
		{DCCFEC06-9F55-411D-A3A6-28CB3DA782B6}.Debug|x86.ActiveCfg = Debug|Any CPU
		{DCCFEC06-9F55-411D-A3A6-28CB3DA782B6}.Debug|x86.Build.0 = Debug|Any CPU
		{DCCFEC06-9F55-411D-A3A6-28CB3DA782B6}.Release|Any CPU.ActiveCfg = Release|Any CPU
		{DCCFEC06-9F55-411D-A3A6-28CB3DA782B6}.Release|Any CPU.Build.0 = Release|Any CPU
		{DCCFEC06-9F55-411D-A3A6-28CB3DA782B6}.Release|ARM.ActiveCfg = Release|Any CPU
		{DCCFEC06-9F55-411D-A3A6-28CB3DA782B6}.Release|ARM.Build.0 = Release|Any CPU
		{DCCFEC06-9F55-411D-A3A6-28CB3DA782B6}.Release|x64.ActiveCfg = Release|Any CPU
		{DCCFEC06-9F55-411D-A3A6-28CB3DA782B6}.Release|x64.Build.0 = Release|Any CPU
		{DCCFEC06-9F55-411D-A3A6-28CB3DA782B6}.Release|x86.ActiveCfg = Release|Any CPU
		{DCCFEC06-9F55-411D-A3A6-28CB3DA782B6}.Release|x86.Build.0 = Release|Any CPU
	EndGlobalSection
	GlobalSection(SolutionProperties) = preSolution
		HideSolutionNode = FALSE
	EndGlobalSection
EndGlobal
